
Microsoft Visual Studio Solution File, Format Version 12.00
# Visual Studio 14
VisualStudioVersion = 14.0.25123.0
MinimumVisualStudioVersion = 10.0.40219.1
Project("{FAE04EC0-301F-11D3-BF4B-00C04F79EFBC}") = "Learn.Data", "Learn.Data\Learn.Data.csproj", "{22C2D8F4-21A3-426F-8946-A302EF7F251C}"
EndProject
Project("{FAE04EC0-301F-11D3-BF4B-00C04F79EFBC}") = "Learn.Web", "Learn.Web\Learn.Web.csproj", "{7CACCCE2-7573-4A50-BBAD-4CFD88FB8482}"
EndProject
Project("{FAE04EC0-301F-11D3-BF4B-00C04F79EFBC}") = "Learn.Core", "Learn.Core\Learn.Core.csproj", "{E6177DC1-E4AE-4FF6-98D2-321934994255}"
EndProject
Project("{2150E333-8FDC-42A3-9474-1A3956D46DE8}") = "Web", "Web", "{9504C758-FE05-4671-8150-D49F2E7492C3}"
EndProject
Project("{2150E333-8FDC-42A3-9474-1A3956D46DE8}") = "DAL", "DAL", "{5EC23697-5A81-44E7-847A-8C064932338E}"
EndProject
Project("{FAE04EC0-301F-11D3-BF4B-00C04F79EFBC}") = "Learn.IData", "Learn.IData\Learn.IData.csproj", "{2B919F0B-7384-4798-A124-CD95C1DA7B23}"
EndProject
Project("{2150E333-8FDC-42A3-9474-1A3956D46DE8}") = "BLL", "BLL", "{63D17347-EAC3-4CB7-B6F9-BCBE62C2070D}"
EndProject
Project("{FAE04EC0-301F-11D3-BF4B-00C04F79EFBC}") = "Learn.Service", "Learn.Service\Learn.Service.csproj", "{DE3B15B8-35FB-4F9B-A628-9C5FEF140012}"
EndProject
Project("{FAE04EC0-301F-11D3-BF4B-00C04F79EFBC}") = "Learn.IService", "Learn.IService\Learn.IService.csproj", "{B1D3EAB9-5B01-435C-ADE3-6BCC51A87699}"
EndProject
Project("{FAE04EC0-301F-11D3-BF4B-00C04F79EFBC}") = "Learn.Common", "Learn.Common\Learn.Common.csproj", "{0446A13B-2D93-44F2-8370-100F58D2268E}"
EndProject
Project("{2150E333-8FDC-42A3-9474-1A3956D46DE8}") = "Common", "Common", "{E0AD5CE3-0404-4AF3-B7AB-1186CBC2A7A5}"
EndProject
Project("{FAE04EC0-301F-11D3-BF4B-00C04F79EFBC}") = "Learn.DataFactory", "Learn.DataFactory\Learn.DataFactory.csproj", "{FEB09F39-C395-496A-A7FC-5089D46741FD}"
EndProject
Global
	GlobalSection(SolutionConfigurationPlatforms) = preSolution
		Debug|Any CPU = Debug|Any CPU
		Release|Any CPU = Release|Any CPU
	EndGlobalSection
	GlobalSection(ProjectConfigurationPlatforms) = postSolution
		{22C2D8F4-21A3-426F-8946-A302EF7F251C}.Debug|Any CPU.ActiveCfg = Debug|Any CPU
		{22C2D8F4-21A3-426F-8946-A302EF7F251C}.Debug|Any CPU.Build.0 = Debug|Any CPU
		{22C2D8F4-21A3-426F-8946-A302EF7F251C}.Release|Any CPU.ActiveCfg = Release|Any CPU
		{22C2D8F4-21A3-426F-8946-A302EF7F251C}.Release|Any CPU.Build.0 = Release|Any CPU
		{7CACCCE2-7573-4A50-BBAD-4CFD88FB8482}.Debug|Any CPU.ActiveCfg = Debug|Any CPU
		{7CACCCE2-7573-4A50-BBAD-4CFD88FB8482}.Debug|Any CPU.Build.0 = Debug|Any CPU
		{7CACCCE2-7573-4A50-BBAD-4CFD88FB8482}.Release|Any CPU.ActiveCfg = Release|Any CPU
		{7CACCCE2-7573-4A50-BBAD-4CFD88FB8482}.Release|Any CPU.Build.0 = Release|Any CPU
		{E6177DC1-E4AE-4FF6-98D2-321934994255}.Debug|Any CPU.ActiveCfg = Debug|Any CPU
		{E6177DC1-E4AE-4FF6-98D2-321934994255}.Debug|Any CPU.Build.0 = Debug|Any CPU
		{E6177DC1-E4AE-4FF6-98D2-321934994255}.Release|Any CPU.ActiveCfg = Release|Any CPU
		{E6177DC1-E4AE-4FF6-98D2-321934994255}.Release|Any CPU.Build.0 = Release|Any CPU
		{2B919F0B-7384-4798-A124-CD95C1DA7B23}.Debug|Any CPU.ActiveCfg = Debug|Any CPU
		{2B919F0B-7384-4798-A124-CD95C1DA7B23}.Debug|Any CPU.Build.0 = Debug|Any CPU
		{2B919F0B-7384-4798-A124-CD95C1DA7B23}.Release|Any CPU.ActiveCfg = Release|Any CPU
		{2B919F0B-7384-4798-A124-CD95C1DA7B23}.Release|Any CPU.Build.0 = Release|Any CPU
		{DE3B15B8-35FB-4F9B-A628-9C5FEF140012}.Debug|Any CPU.ActiveCfg = Debug|Any CPU
		{DE3B15B8-35FB-4F9B-A628-9C5FEF140012}.Debug|Any CPU.Build.0 = Debug|Any CPU
		{DE3B15B8-35FB-4F9B-A628-9C5FEF140012}.Release|Any CPU.ActiveCfg = Release|Any CPU
		{DE3B15B8-35FB-4F9B-A628-9C5FEF140012}.Release|Any CPU.Build.0 = Release|Any CPU
		{B1D3EAB9-5B01-435C-ADE3-6BCC51A87699}.Debug|Any CPU.ActiveCfg = Debug|Any CPU
		{B1D3EAB9-5B01-435C-ADE3-6BCC51A87699}.Debug|Any CPU.Build.0 = Debug|Any CPU
		{B1D3EAB9-5B01-435C-ADE3-6BCC51A87699}.Release|Any CPU.ActiveCfg = Release|Any CPU
		{B1D3EAB9-5B01-435C-ADE3-6BCC51A87699}.Release|Any CPU.Build.0 = Release|Any CPU
		{0446A13B-2D93-44F2-8370-100F58D2268E}.Debug|Any CPU.ActiveCfg = Debug|Any CPU
		{0446A13B-2D93-44F2-8370-100F58D2268E}.Debug|Any CPU.Build.0 = Debug|Any CPU
		{0446A13B-2D93-44F2-8370-100F58D2268E}.Release|Any CPU.ActiveCfg = Release|Any CPU
		{0446A13B-2D93-44F2-8370-100F58D2268E}.Release|Any CPU.Build.0 = Release|Any CPU
		{FEB09F39-C395-496A-A7FC-5089D46741FD}.Debug|Any CPU.ActiveCfg = Debug|Any CPU
		{FEB09F39-C395-496A-A7FC-5089D46741FD}.Debug|Any CPU.Build.0 = Debug|Any CPU
		{FEB09F39-C395-496A-A7FC-5089D46741FD}.Release|Any CPU.ActiveCfg = Release|Any CPU
		{FEB09F39-C395-496A-A7FC-5089D46741FD}.Release|Any CPU.Build.0 = Release|Any CPU
	EndGlobalSection
	GlobalSection(SolutionProperties) = preSolution
		HideSolutionNode = FALSE
	EndGlobalSection
	GlobalSection(NestedProjects) = preSolution
		{22C2D8F4-21A3-426F-8946-A302EF7F251C} = {5EC23697-5A81-44E7-847A-8C064932338E}
		{7CACCCE2-7573-4A50-BBAD-4CFD88FB8482} = {9504C758-FE05-4671-8150-D49F2E7492C3}
		{E6177DC1-E4AE-4FF6-98D2-321934994255} = {E0AD5CE3-0404-4AF3-B7AB-1186CBC2A7A5}
		{2B919F0B-7384-4798-A124-CD95C1DA7B23} = {5EC23697-5A81-44E7-847A-8C064932338E}
		{DE3B15B8-35FB-4F9B-A628-9C5FEF140012} = {63D17347-EAC3-4CB7-B6F9-BCBE62C2070D}
		{B1D3EAB9-5B01-435C-ADE3-6BCC51A87699} = {63D17347-EAC3-4CB7-B6F9-BCBE62C2070D}
		{0446A13B-2D93-44F2-8370-100F58D2268E} = {E0AD5CE3-0404-4AF3-B7AB-1186CBC2A7A5}
		{FEB09F39-C395-496A-A7FC-5089D46741FD} = {5EC23697-5A81-44E7-847A-8C064932338E}
	EndGlobalSection
EndGlobal
